
Microsoft Visual Studio Solution File, Format Version 12.00
# Visual Studio Version 17
VisualStudioVersion = 17.7.34024.191
MinimumVisualStudioVersion = 10.0.40219.1
Project("{FAE04EC0-301F-11D3-BF4B-00C04F79EFBC}") = "pr1.1", "pr1.1\pr1.1.csproj", "{B9369E8A-EDD1-4797-A760-F267C67BFF45}"
EndProject
Project("{FAE04EC0-301F-11D3-BF4B-00C04F79EFBC}") = "pr1.2", "pr1.2\pr1.2.csproj", "{7DF31888-800B-469C-AF0D-8B80431768DD}"
EndProject
Global
	GlobalSection(SolutionConfigurationPlatforms) = preSolution
		Debug|Any CPU = Debug|Any CPU
		Release|Any CPU = Release|Any CPU
	EndGlobalSection
	GlobalSection(ProjectConfigurationPlatforms) = postSolution
		{B9369E8A-EDD1-4797-A760-F267C67BFF45}.Debug|Any CPU.ActiveCfg = Debug|Any CPU
		{B9369E8A-EDD1-4797-A760-F267C67BFF45}.Debug|Any CPU.Build.0 = Debug|Any CPU
		{B9369E8A-EDD1-4797-A760-F267C67BFF45}.Release|Any CPU.ActiveCfg = Release|Any CPU
		{B9369E8A-EDD1-4797-A760-F267C67BFF45}.Release|Any CPU.Build.0 = Release|Any CPU
		{7DF31888-800B-469C-AF0D-8B80431768DD}.Debug|Any CPU.ActiveCfg = Debug|Any CPU
		{7DF31888-800B-469C-AF0D-8B80431768DD}.Debug|Any CPU.Build.0 = Debug|Any CPU
		{7DF31888-800B-469C-AF0D-8B80431768DD}.Release|Any CPU.ActiveCfg = Release|Any CPU
		{7DF31888-800B-469C-AF0D-8B80431768DD}.Release|Any CPU.Build.0 = Release|Any CPU
	EndGlobalSection
	GlobalSection(SolutionProperties) = preSolution
		HideSolutionNode = FALSE
	EndGlobalSection
	GlobalSection(ExtensibilityGlobals) = postSolution
		SolutionGuid = {75A3ADB2-0954-4B26-8CF5-71C908EA85B4}
	EndGlobalSection
EndGlobal
